
Microsoft Visual Studio Solution File, Format Version 12.00
# Visual Studio Version 16
VisualStudioVersion = 16.0.30523.141
MinimumVisualStudioVersion = 10.0.40219.1
Project("{FAE04EC0-301F-11D3-BF4B-00C04F79EFBC}") = "TrelloA", "TrelloA\TrelloA.csproj", "{35BB9D21-8884-4384-A395-44B1F56EFDE9}"
EndProject
Global
	GlobalSection(SolutionConfigurationPlatforms) = preSolution
		Debug|Any CPU = Debug|Any CPU
		Release|Any CPU = Release|Any CPU
	EndGlobalSection
	GlobalSection(ProjectConfigurationPlatforms) = postSolution
		{35BB9D21-8884-4384-A395-44B1F56EFDE9}.Debug|Any CPU.ActiveCfg = Debug|Any CPU
		{35BB9D21-8884-4384-A395-44B1F56EFDE9}.Debug|Any CPU.Build.0 = Debug|Any CPU
		{35BB9D21-8884-4384-A395-44B1F56EFDE9}.Release|Any CPU.ActiveCfg = Release|Any CPU
		{35BB9D21-8884-4384-A395-44B1F56EFDE9}.Release|Any CPU.Build.0 = Release|Any CPU
	EndGlobalSection
	GlobalSection(SolutionProperties) = preSolution
		HideSolutionNode = FALSE
	EndGlobalSection
	GlobalSection(ExtensibilityGlobals) = postSolution
		SolutionGuid = {0234D678-EA3A-4A35-A2F9-B469357C5FD3}
	EndGlobalSection
EndGlobal
